// !$*UTF8*$!
{
	archiveVersion = 1;
	classes = {
	};
	objectVersion = 77;
	objects = {

/* Begin PBXBuildFile section */
		08BDF76608D5FACBD234235A /* MenuBarView.swift in Sources */ = {isa = PBXBuildFile; fileRef = A17CA1A1EF4EFC6A19958BBF /* MenuBarView.swift */; };
		1A768BC217199FA530DE8C5B /* CoverageView.swift in Sources */ = {isa = PBXBuildFile; fileRef = 19ED623A19C443D332F0B3F2 /* CoverageView.swift */; };
		238508EE527520347B9CD96F /* AgentSetupViews.swift in Sources */ = {isa = PBXBuildFile; fileRef = 161AAAA9BAF3B2006BED6B7D /* AgentSetupViews.swift */; };
		276AC0BE0533CC3AC5D86FC4 /* SignedRecoveryVaultOwner.swift in Sources */ = {isa = PBXBuildFile; fileRef = 4160819F63DB83EC741C221F /* SignedRecoveryVaultOwner.swift */; };
		3956DC4845C3D45CEE4496C3 /* OnboardingSteps.swift in Sources */ = {isa = PBXBuildFile; fileRef = 260373A8BD99A9BDBE97B235 /* OnboardingSteps.swift */; };
		3B4CC56CE4793773ED847E2E /* AppModel.swift in Sources */ = {isa = PBXBuildFile; fileRef = 72754F890706FE3AC08E917C /* AppModel.swift */; };
		4259A3EE68845CF3CE9957C3 /* AppRuntime.swift in Sources */ = {isa = PBXBuildFile; fileRef = 9053ADDA32DBF8D9584BF727 /* AppRuntime.swift */; };
		50CD72C61A2951A9F7B56D8B /* ViewingController.swift in Sources */ = {isa = PBXBuildFile; fileRef = 0C645373F8A1C30BBBA9A13F /* ViewingController.swift */; };
		5184EF8A8C0E54D1609288E9 /* AppIcon.icon in Resources */ = {isa = PBXBuildFile; fileRef = 0A756330A2214BD58EEBE862 /* AppIcon.icon */; };
		605FFC3BD87202C6AD265394 /* InventoryView.swift in Sources */ = {isa = PBXBuildFile; fileRef = B038F902F01EA4B9AE97AA68 /* InventoryView.swift */; };
		67B69B68AB0483D483B43B29 /* SpillcheckCore in Frameworks */ = {isa = PBXBuildFile; productRef = 847014888A11D390E3E02108 /* SpillcheckCore */; };
		6CD56AEFADEC08A836F46676 /* ThirdPartyLicenses in Resources */ = {isa = PBXBuildFile; fileRef = CEC4CD27AE13CA0B0B10E654 /* ThirdPartyLicenses */; };
		7086A44FC3AEE816B442C7E4 /* OnboardingVisuals.swift in Sources */ = {isa = PBXBuildFile; fileRef = D5C829E42126DEFA2CDD0DB6 /* OnboardingVisuals.swift */; };
		7A7FC052C74DA1ADC186ACF5 /* LoginItemController.swift in Sources */ = {isa = PBXBuildFile; fileRef = 896F4E4526F40D157E21FD55 /* LoginItemController.swift */; };
		851BC540A1028EC7ADCB5EFF /* CollectionConfiguration.swift in Sources */ = {isa = PBXBuildFile; fileRef = 1175CE1FD04074EAC791BAD8 /* CollectionConfiguration.swift */; };
		ABBD7F8E265DDD0D2825A58E /* SourceOpeningController.swift in Sources */ = {isa = PBXBuildFile; fileRef = E58EEA7BDD7529F15719ECBA /* SourceOpeningController.swift */; };
		B7ABC4164B31F5D198A9AF92 /* SettingsView.swift in Sources */ = {isa = PBXBuildFile; fileRef = 79D89CB9AE08F6FD4E4F264D /* SettingsView.swift */; };
		BC155E33BA76BAB1A4E00424 /* OnboardingView.swift in Sources */ = {isa = PBXBuildFile; fileRef = 0DDA18D723E4AD8FA8BC3508 /* OnboardingView.swift */; };
		BD67C7384D09A5B7B3603CC7 /* Theme.swift in Sources */ = {isa = PBXBuildFile; fileRef = AC1789CC5171F1D9793BBF1B /* Theme.swift */; };
		D2F262D07C6AB40A469825C4 /* OnboardingWindowController.swift in Sources */ = {isa = PBXBuildFile; fileRef = C63A9AB04E0B7491BDF46B3D /* OnboardingWindowController.swift */; };
		D41B2EB0424E49AB93C54CF7 /* main.swift in Sources */ = {isa = PBXBuildFile; fileRef = 4443654EA8FD4A679416B077 /* main.swift */; };
		E634A2A7819D7E4E70DB1CC0 /* NotificationController.swift in Sources */ = {isa = PBXBuildFile; fileRef = C83519DE92F4C49EC8CB4A08 /* NotificationController.swift */; };
		ED21B2C2D5B950626DCEA3A7 /* AppDelegate.swift in Sources */ = {isa = PBXBuildFile; fileRef = AD665126341D3C4D0E4FA87C /* AppDelegate.swift */; };
		EF1BCAB241C606913660ECF1 /* InventoryDetailView.swift in Sources */ = {isa = PBXBuildFile; fileRef = AECF9EEC9C73FB77DD618373 /* InventoryDetailView.swift */; };
		F3586F5C27CAB9BAAE544BAB /* AgentSetupController.swift in Sources */ = {isa = PBXBuildFile; fileRef = EC76F517857548778A653CCE /* AgentSetupController.swift */; };
/* End PBXBuildFile section */

/* Begin PBXContainerItemProxy section */
		6C8CF5049199665F754CB645 /* PBXContainerItemProxy */ = {
			isa = PBXContainerItemProxy;
			containerPortal = A57A3561FC1BE142C38D5203 /* Project object */;
			proxyType = 1;
			remoteGlobalIDString = F76D2688B5E6CE6EAE36981B;
			remoteInfo = SpillcheckHook;
		};
/* End PBXContainerItemProxy section */

/* Begin PBXFileReference section */
		0A756330A2214BD58EEBE862 /* AppIcon.icon */ = {isa = PBXFileReference; lastKnownFileType = wrapper.icon; path = AppIcon.icon; sourceTree = "<group>"; };
		0C645373F8A1C30BBBA9A13F /* ViewingController.swift */ = {isa = PBXFileReference; lastKnownFileType = sourcecode.swift; path = ViewingController.swift; sourceTree = "<group>"; };
		0DDA18D723E4AD8FA8BC3508 /* OnboardingView.swift */ = {isa = PBXFileReference; lastKnownFileType = sourcecode.swift; path = OnboardingView.swift; sourceTree = "<group>"; };
		1175CE1FD04074EAC791BAD8 /* CollectionConfiguration.swift */ = {isa = PBXFileReference; lastKnownFileType = sourcecode.swift; path = CollectionConfiguration.swift; sourceTree = "<group>"; };
		161AAAA9BAF3B2006BED6B7D /* AgentSetupViews.swift */ = {isa = PBXFileReference; lastKnownFileType = sourcecode.swift; path = AgentSetupViews.swift; sourceTree = "<group>"; };
		19ED623A19C443D332F0B3F2 /* CoverageView.swift */ = {isa = PBXFileReference; lastKnownFileType = sourcecode.swift; path = CoverageView.swift; sourceTree = "<group>"; };
		260373A8BD99A9BDBE97B235 /* OnboardingSteps.swift */ = {isa = PBXFileReference; lastKnownFileType = sourcecode.swift; path = OnboardingSteps.swift; sourceTree = "<group>"; };
		4160819F63DB83EC741C221F /* SignedRecoveryVaultOwner.swift */ = {isa = PBXFileReference; lastKnownFileType = sourcecode.swift; path = SignedRecoveryVaultOwner.swift; sourceTree = "<group>"; };
		4443654EA8FD4A679416B077 /* main.swift */ = {isa = PBXFileReference; lastKnownFileType = sourcecode.swift; path = main.swift; sourceTree = "<group>"; };
		72754F890706FE3AC08E917C /* AppModel.swift */ = {isa = PBXFileReference; lastKnownFileType = sourcecode.swift; path = AppModel.swift; sourceTree = "<group>"; };
		74A3255C75EE42AE8E85AF2A /* spillcheck-hook */ = {isa = PBXFileReference; includeInIndex = 0; path = "spillcheck-hook"; sourceTree = BUILT_PRODUCTS_DIR; };
		79D89CB9AE08F6FD4E4F264D /* SettingsView.swift */ = {isa = PBXFileReference; lastKnownFileType = sourcecode.swift; path = SettingsView.swift; sourceTree = "<group>"; };
		896F4E4526F40D157E21FD55 /* LoginItemController.swift */ = {isa = PBXFileReference; lastKnownFileType = sourcecode.swift; path = LoginItemController.swift; sourceTree = "<group>"; };
		9053ADDA32DBF8D9584BF727 /* AppRuntime.swift */ = {isa = PBXFileReference; lastKnownFileType = sourcecode.swift; path = AppRuntime.swift; sourceTree = "<group>"; };
		A17CA1A1EF4EFC6A19958BBF /* MenuBarView.swift */ = {isa = PBXFileReference; lastKnownFileType = sourcecode.swift; path = MenuBarView.swift; sourceTree = "<group>"; };
		A4C4067BB18B9765620100D6 /* t3-e4dfde41 */ = {isa = PBXFileReference; lastKnownFileType = folder; name = "t3-e4dfde41"; path = .; sourceTree = SOURCE_ROOT; };
		AC1789CC5171F1D9793BBF1B /* Theme.swift */ = {isa = PBXFileReference; lastKnownFileType = sourcecode.swift; path = Theme.swift; sourceTree = "<group>"; };
		AD665126341D3C4D0E4FA87C /* AppDelegate.swift */ = {isa = PBXFileReference; lastKnownFileType = sourcecode.swift; path = AppDelegate.swift; sourceTree = "<group>"; };
		AECF9EEC9C73FB77DD618373 /* InventoryDetailView.swift */ = {isa = PBXFileReference; lastKnownFileType = sourcecode.swift; path = InventoryDetailView.swift; sourceTree = "<group>"; };
		B038F902F01EA4B9AE97AA68 /* InventoryView.swift */ = {isa = PBXFileReference; lastKnownFileType = sourcecode.swift; path = InventoryView.swift; sourceTree = "<group>"; };
		C63A9AB04E0B7491BDF46B3D /* OnboardingWindowController.swift */ = {isa = PBXFileReference; lastKnownFileType = sourcecode.swift; path = OnboardingWindowController.swift; sourceTree = "<group>"; };
		C83519DE92F4C49EC8CB4A08 /* NotificationController.swift */ = {isa = PBXFileReference; lastKnownFileType = sourcecode.swift; path = NotificationController.swift; sourceTree = "<group>"; };
		CEC4CD27AE13CA0B0B10E654 /* ThirdPartyLicenses */ = {isa = PBXFileReference; lastKnownFileType = folder; name = ThirdPartyLicenses; path = Spillcheck/Resources/ThirdPartyLicenses; sourceTree = SOURCE_ROOT; };
		D5C829E42126DEFA2CDD0DB6 /* OnboardingVisuals.swift */ = {isa = PBXFileReference; lastKnownFileType = sourcecode.swift; path = OnboardingVisuals.swift; sourceTree = "<group>"; };
		E58EEA7BDD7529F15719ECBA /* SourceOpeningController.swift */ = {isa = PBXFileReference; lastKnownFileType = sourcecode.swift; path = SourceOpeningController.swift; sourceTree = "<group>"; };
		EC76F517857548778A653CCE /* AgentSetupController.swift */ = {isa = PBXFileReference; lastKnownFileType = sourcecode.swift; path = AgentSetupController.swift; sourceTree = "<group>"; };
		FAEF9D9A4844F2DE1A6ADA3E /* Spillcheck.app */ = {isa = PBXFileReference; explicitFileType = wrapper.application; includeInIndex = 0; path = Spillcheck.app; sourceTree = BUILT_PRODUCTS_DIR; };
/* End PBXFileReference section */

/* Begin PBXFrameworksBuildPhase section */
		76467BB6999491732A1FEE31 /* Frameworks */ = {
			isa = PBXFrameworksBuildPhase;
			buildActionMask = 2147483647;
			files = (
				67B69B68AB0483D483B43B29 /* SpillcheckCore in Frameworks */,
			);
			runOnlyForDeploymentPostprocessing = 0;
		};
/* End PBXFrameworksBuildPhase section */

/* Begin PBXGroup section */
		299E45436D7C99E98FDA7FC1 /* Products */ = {
			isa = PBXGroup;
			children = (
				74A3255C75EE42AE8E85AF2A /* spillcheck-hook */,
				FAEF9D9A4844F2DE1A6ADA3E /* Spillcheck.app */,
			);
			name = Products;
			sourceTree = "<group>";
		};
		4199F118894376C3746BDA08 = {
			isa = PBXGroup;
			children = (
				CEC4CD27AE13CA0B0B10E654 /* ThirdPartyLicenses */,
				848BE0C89D19F032A57052BE /* App */,
				F10847EA13B548C5C69D2AC9 /* Packages */,
				D5A00D8F1C1712A0FED955C0 /* Resources */,
				8A8C56E3005B018FFF275B68 /* SpillcheckHook */,
				299E45436D7C99E98FDA7FC1 /* Products */,
			);
			sourceTree = "<group>";
		};
		848BE0C89D19F032A57052BE /* App */ = {
			isa = PBXGroup;
			children = (
				EC76F517857548778A653CCE /* AgentSetupController.swift */,
				161AAAA9BAF3B2006BED6B7D /* AgentSetupViews.swift */,
				AD665126341D3C4D0E4FA87C /* AppDelegate.swift */,
				72754F890706FE3AC08E917C /* AppModel.swift */,
				9053ADDA32DBF8D9584BF727 /* AppRuntime.swift */,
				1175CE1FD04074EAC791BAD8 /* CollectionConfiguration.swift */,
				19ED623A19C443D332F0B3F2 /* CoverageView.swift */,
				AECF9EEC9C73FB77DD618373 /* InventoryDetailView.swift */,
				B038F902F01EA4B9AE97AA68 /* InventoryView.swift */,
				896F4E4526F40D157E21FD55 /* LoginItemController.swift */,
				A17CA1A1EF4EFC6A19958BBF /* MenuBarView.swift */,
				C83519DE92F4C49EC8CB4A08 /* NotificationController.swift */,
				260373A8BD99A9BDBE97B235 /* OnboardingSteps.swift */,
				0DDA18D723E4AD8FA8BC3508 /* OnboardingView.swift */,
				D5C829E42126DEFA2CDD0DB6 /* OnboardingVisuals.swift */,
				C63A9AB04E0B7491BDF46B3D /* OnboardingWindowController.swift */,
				79D89CB9AE08F6FD4E4F264D /* SettingsView.swift */,
				4160819F63DB83EC741C221F /* SignedRecoveryVaultOwner.swift */,
				E58EEA7BDD7529F15719ECBA /* SourceOpeningController.swift */,
				AC1789CC5171F1D9793BBF1B /* Theme.swift */,
				0C645373F8A1C30BBBA9A13F /* ViewingController.swift */,
			);
			name = App;
			path = Spillcheck/App;
			sourceTree = "<group>";
		};
		8A8C56E3005B018FFF275B68 /* SpillcheckHook */ = {
			isa = PBXGroup;
			children = (
				4443654EA8FD4A679416B077 /* main.swift */,
			);
			name = SpillcheckHook;
			path = Sources/SpillcheckHook;
			sourceTree = "<group>";
		};
		D5A00D8F1C1712A0FED955C0 /* Resources */ = {
			isa = PBXGroup;
			children = (
				0A756330A2214BD58EEBE862 /* AppIcon.icon */,
			);
			name = Resources;
			path = Spillcheck/Resources;
			sourceTree = "<group>";
		};
		F10847EA13B548C5C69D2AC9 /* Packages */ = {
			isa = PBXGroup;
			children = (
				A4C4067BB18B9765620100D6 /* t3-e4dfde41 */,
			);
			name = Packages;
			sourceTree = "<group>";
		};
/* End PBXGroup section */

/* Begin PBXNativeTarget section */
		BC62481119183DFBB926098B /* Spillcheck */ = {
			isa = PBXNativeTarget;
			buildConfigurationList = 5F63CE81D4D9CFDB62B5C0E8 /* Build configuration list for PBXNativeTarget "Spillcheck" */;
			buildPhases = (
				A8F9D9FDB9A684D14C6428CB /* Sources */,
				4C77538C2F256937D82BA097 /* Resources */,
				76467BB6999491732A1FEE31 /* Frameworks */,
				606ADA36D4ECC9F259355414 /* Bundle compiled hook helper */,
				5AEA8CAC7CB8290503A22968 /* Bundle pinned and signed scanner */,
			);
			buildRules = (
			);
			dependencies = (
				299DF14A1C31D2E22C7DA2A9 /* PBXTargetDependency */,
			);
			name = Spillcheck;
			packageProductDependencies = (
				847014888A11D390E3E02108 /* SpillcheckCore */,
			);
			productName = Spillcheck;
			productReference = FAEF9D9A4844F2DE1A6ADA3E /* Spillcheck.app */;
			productType = "com.apple.product-type.application";
		};
		F76D2688B5E6CE6EAE36981B /* SpillcheckHook */ = {
			isa = PBXNativeTarget;
			buildConfigurationList = C7E1A2BEEC721B24545AD597 /* Build configuration list for PBXNativeTarget "SpillcheckHook" */;
			buildPhases = (
				FA371179AE1D43E458D5BF8C /* Sources */,
			);
			buildRules = (
			);
			dependencies = (
			);
			name = SpillcheckHook;
			packageProductDependencies = (
			);
			productName = SpillcheckHook;
			productReference = 74A3255C75EE42AE8E85AF2A /* spillcheck-hook */;
			productType = "com.apple.product-type.tool";
		};
/* End PBXNativeTarget section */

/* Begin PBXProject section */
		A57A3561FC1BE142C38D5203 /* Project object */ = {
			isa = PBXProject;
			attributes = {
				BuildIndependentTargetsInParallel = YES;
				LastUpgradeCheck = 1430;
				TargetAttributes = {
					BC62481119183DFBB926098B = {
						DevelopmentTeam = KBLA5ALX62;
						ProvisioningStyle = Automatic;
					};
					F76D2688B5E6CE6EAE36981B = {
						DevelopmentTeam = KBLA5ALX62;
						ProvisioningStyle = Automatic;
					};
				};
			};
			buildConfigurationList = 9CBE792CB1C36AF402050E70 /* Build configuration list for PBXProject "Spillcheck" */;
			developmentRegion = en;
			hasScannedForEncodings = 0;
			knownRegions = (
				Base,
				en,
			);
			mainGroup = 4199F118894376C3746BDA08;
			minimizedProjectReferenceProxies = 1;
			packageReferences = (
				A223204778E14456EC8A6F68 /* XCLocalSwiftPackageReference "." */,
			);
			preferredProjectObjectVersion = 77;
			productRefGroup = 299E45436D7C99E98FDA7FC1 /* Products */;
			projectDirPath = "";
			projectRoot = "";
			targets = (
				F76D2688B5E6CE6EAE36981B /* SpillcheckHook */,
				BC62481119183DFBB926098B /* Spillcheck */,
			);
		};
/* End PBXProject section */

/* Begin PBXResourcesBuildPhase section */
		4C77538C2F256937D82BA097 /* Resources */ = {
			isa = PBXResourcesBuildPhase;
			buildActionMask = 2147483647;
			files = (
				5184EF8A8C0E54D1609288E9 /* AppIcon.icon in Resources */,
				6CD56AEFADEC08A836F46676 /* ThirdPartyLicenses in Resources */,
			);
			runOnlyForDeploymentPostprocessing = 0;
		};
/* End PBXResourcesBuildPhase section */

/* Begin PBXShellScriptBuildPhase section */
		5AEA8CAC7CB8290503A22968 /* Bundle pinned and signed scanner */ = {
			isa = PBXShellScriptBuildPhase;
			alwaysOutOfDate = 1;
			buildActionMask = 2147483647;
			files = (
			);
			inputFileListPaths = (
			);
			inputPaths = (
				"$(SRCROOT)/scripts/bundle-scanner.py",
				"$(SRCROOT)/scripts/prepare-scanner.py",
				"$(SRCROOT)/Dependencies/Scanner/dependencies.json",
				"$(SRCROOT)/.build/dependencies/scanner/betterleaks/betterleaks",
				"$(SRCROOT)/.build/dependencies/scanner/betterleaks/betterleaks.toml",
				"$(SRCROOT)/.build/dependencies/scanner/betterleaks/LICENSE",
			);
			name = "Bundle pinned and signed scanner";
			outputFileListPaths = (
			);
			outputPaths = (
				"$(TARGET_BUILD_DIR)/$(CONTENTS_FOLDER_PATH)/Helpers/betterleaks",
				"$(TARGET_BUILD_DIR)/$(CONTENTS_FOLDER_PATH)/Resources/Scanner/betterleaks.toml",
				"$(TARGET_BUILD_DIR)/$(CONTENTS_FOLDER_PATH)/Resources/Scanner/LICENSE",
				"$(TARGET_BUILD_DIR)/$(CONTENTS_FOLDER_PATH)/Resources/Scanner/dependencies.json",
			);
			runOnlyForDeploymentPostprocessing = 0;
			shellPath = /bin/sh;
			shellScript = "/usr/bin/python3 \"$SRCROOT/scripts/bundle-scanner.py\"";
		};
		606ADA36D4ECC9F259355414 /* Bundle compiled hook helper */ = {
			isa = PBXShellScriptBuildPhase;
			buildActionMask = 2147483647;
			files = (
			);
			inputFileListPaths = (
			);
			inputPaths = (
				"$(BUILT_PRODUCTS_DIR)/spillcheck-hook",
			);
			name = "Bundle compiled hook helper";
			outputFileListPaths = (
			);
			outputPaths = (
				"$(TARGET_BUILD_DIR)/$(CONTENTS_FOLDER_PATH)/Helpers/spillcheck-hook",
			);
			runOnlyForDeploymentPostprocessing = 0;
			shellPath = /bin/sh;
			shellScript = "mkdir -p \"$TARGET_BUILD_DIR/$CONTENTS_FOLDER_PATH/Helpers\"\ncp \"$BUILT_PRODUCTS_DIR/spillcheck-hook\" \"$TARGET_BUILD_DIR/$CONTENTS_FOLDER_PATH/Helpers/spillcheck-hook\"\n";
		};
/* End PBXShellScriptBuildPhase section */

/* Begin PBXSourcesBuildPhase section */
		A8F9D9FDB9A684D14C6428CB /* Sources */ = {
			isa = PBXSourcesBuildPhase;
			buildActionMask = 2147483647;
			files = (
				F3586F5C27CAB9BAAE544BAB /* AgentSetupController.swift in Sources */,
				238508EE527520347B9CD96F /* AgentSetupViews.swift in Sources */,
				ED21B2C2D5B950626DCEA3A7 /* AppDelegate.swift in Sources */,
				3B4CC56CE4793773ED847E2E /* AppModel.swift in Sources */,
				4259A3EE68845CF3CE9957C3 /* AppRuntime.swift in Sources */,
				851BC540A1028EC7ADCB5EFF /* CollectionConfiguration.swift in Sources */,
				1A768BC217199FA530DE8C5B /* CoverageView.swift in Sources */,
				EF1BCAB241C606913660ECF1 /* InventoryDetailView.swift in Sources */,
				605FFC3BD87202C6AD265394 /* InventoryView.swift in Sources */,
				7A7FC052C74DA1ADC186ACF5 /* LoginItemController.swift in Sources */,
				08BDF76608D5FACBD234235A /* MenuBarView.swift in Sources */,
				E634A2A7819D7E4E70DB1CC0 /* NotificationController.swift in Sources */,
				3956DC4845C3D45CEE4496C3 /* OnboardingSteps.swift in Sources */,
				BC155E33BA76BAB1A4E00424 /* OnboardingView.swift in Sources */,
				7086A44FC3AEE816B442C7E4 /* OnboardingVisuals.swift in Sources */,
				D2F262D07C6AB40A469825C4 /* OnboardingWindowController.swift in Sources */,
				B7ABC4164B31F5D198A9AF92 /* SettingsView.swift in Sources */,
				276AC0BE0533CC3AC5D86FC4 /* SignedRecoveryVaultOwner.swift in Sources */,
				ABBD7F8E265DDD0D2825A58E /* SourceOpeningController.swift in Sources */,
				BD67C7384D09A5B7B3603CC7 /* Theme.swift in Sources */,
				50CD72C61A2951A9F7B56D8B /* ViewingController.swift in Sources */,
			);
			runOnlyForDeploymentPostprocessing = 0;
		};
		FA371179AE1D43E458D5BF8C /* Sources */ = {
			isa = PBXSourcesBuildPhase;
			buildActionMask = 2147483647;
			files = (
				D41B2EB0424E49AB93C54CF7 /* main.swift in Sources */,
			);
			runOnlyForDeploymentPostprocessing = 0;
		};
/* End PBXSourcesBuildPhase section */

/* Begin PBXTargetDependency section */
		299DF14A1C31D2E22C7DA2A9 /* PBXTargetDependency */ = {
			isa = PBXTargetDependency;
			target = F76D2688B5E6CE6EAE36981B /* SpillcheckHook */;
			targetProxy = 6C8CF5049199665F754CB645 /* PBXContainerItemProxy */;
		};
/* End PBXTargetDependency section */

/* Begin XCBuildConfiguration section */
		4690298FAA40C6F32773BFA4 /* Release */ = {
			isa = XCBuildConfiguration;
			buildSettings = {
				ASSETCATALOG_COMPILER_APPICON_NAME = AppIcon;
				CODE_SIGN_ENTITLEMENTS = Spillcheck/Spillcheck.entitlements;
				CODE_SIGN_IDENTITY = "Developer ID Application";
				CODE_SIGN_INJECT_BASE_ENTITLEMENTS = NO;
				COMBINE_HIDPI_IMAGES = YES;
				ENABLE_DEBUG_DYLIB = NO;
				GENERATE_INFOPLIST_FILE = NO;
				INFOPLIST_FILE = Spillcheck/Info.plist;
				LD_RUNPATH_SEARCH_PATHS = (
					"$(inherited)",
					"@executable_path/../Frameworks",
				);
				OTHER_CODE_SIGN_FLAGS = "--timestamp";
				PRODUCT_BUNDLE_IDENTIFIER = com.leakret.app;
				SDKROOT = macosx;
			};
			name = Release;
		};
		8A7F53FBB1247E7BF30A077B /* Debug */ = {
			isa = XCBuildConfiguration;
			buildSettings = {
				ALWAYS_SEARCH_USER_PATHS = NO;
				ARCHS = arm64;
				CLANG_ANALYZER_NONNULL = YES;
				CLANG_ANALYZER_NUMBER_OBJECT_CONVERSION = YES_AGGRESSIVE;
				CLANG_CXX_LANGUAGE_STANDARD = "gnu++14";
				CLANG_CXX_LIBRARY = "libc++";
				CLANG_ENABLE_MODULES = YES;
				CLANG_ENABLE_OBJC_ARC = YES;
				CLANG_ENABLE_OBJC_WEAK = YES;
				CLANG_WARN_BLOCK_CAPTURE_AUTORELEASING = YES;
				CLANG_WARN_BOOL_CONVERSION = YES;
				CLANG_WARN_COMMA = YES;
				CLANG_WARN_CONSTANT_CONVERSION = YES;
				CLANG_WARN_DEPRECATED_OBJC_IMPLEMENTATIONS = YES;
				CLANG_WARN_DIRECT_OBJC_ISA_USAGE = YES_ERROR;
				CLANG_WARN_DOCUMENTATION_COMMENTS = YES;
				CLANG_WARN_EMPTY_BODY = YES;
				CLANG_WARN_ENUM_CONVERSION = YES;
				CLANG_WARN_INFINITE_RECURSION = YES;
				CLANG_WARN_INT_CONVERSION = YES;
				CLANG_WARN_NON_LITERAL_NULL_CONVERSION = YES;
				CLANG_WARN_OBJC_IMPLICIT_RETAIN_SELF = YES;
				CLANG_WARN_OBJC_LITERAL_CONVERSION = YES;
				CLANG_WARN_OBJC_ROOT_CLASS = YES_ERROR;
				CLANG_WARN_QUOTED_INCLUDE_IN_FRAMEWORK_HEADER = YES;
				CLANG_WARN_RANGE_LOOP_ANALYSIS = YES;
				CLANG_WARN_STRICT_PROTOTYPES = YES;
				CLANG_WARN_SUSPICIOUS_MOVE = YES;
				CLANG_WARN_UNGUARDED_AVAILABILITY = YES_AGGRESSIVE;
				CLANG_WARN_UNREACHABLE_CODE = YES;
				CLANG_WARN__DUPLICATE_METHOD_MATCH = YES;
				CODE_SIGN_STYLE = Automatic;
				COPY_PHASE_STRIP = NO;
				DEBUG_INFORMATION_FORMAT = dwarf;
				DEVELOPMENT_TEAM = KBLA5ALX62;
				ENABLE_HARDENED_RUNTIME = YES;
				ENABLE_STRICT_OBJC_MSGSEND = YES;
				ENABLE_TESTABILITY = YES;
				GCC_C_LANGUAGE_STANDARD = gnu11;
				GCC_DYNAMIC_NO_PIC = NO;
				GCC_NO_COMMON_BLOCKS = YES;
				GCC_OPTIMIZATION_LEVEL = 0;
				GCC_PREPROCESSOR_DEFINITIONS = (
					"$(inherited)",
					"DEBUG=1",
				);
				GCC_WARN_64_TO_32_BIT_CONVERSION = YES;
				GCC_WARN_ABOUT_RETURN_TYPE = YES_ERROR;
				GCC_WARN_UNDECLARED_SELECTOR = YES;
				GCC_WARN_UNINITIALIZED_AUTOS = YES_AGGRESSIVE;
				GCC_WARN_UNUSED_FUNCTION = YES;
				GCC_WARN_UNUSED_VARIABLE = YES;
				MACOSX_DEPLOYMENT_TARGET = 14.0;
				MTL_ENABLE_DEBUG_INFO = INCLUDE_SOURCE;
				MTL_FAST_MATH = YES;
				ONLY_ACTIVE_ARCH = YES;
				PRODUCT_NAME = "$(TARGET_NAME)";
				SDKROOT = macosx;
				SWIFT_ACTIVE_COMPILATION_CONDITIONS = DEBUG;
				SWIFT_OPTIMIZATION_LEVEL = "-Onone";
				SWIFT_STRICT_CONCURRENCY = complete;
				SWIFT_VERSION = 6.0;
			};
			name = Debug;
		};
		ACB40069FD96334966174D5D /* Debug */ = {
			isa = XCBuildConfiguration;
			buildSettings = {
				CODE_SIGN_IDENTITY = "Apple Development";
				COMBINE_HIDPI_IMAGES = YES;
				LD_RUNPATH_SEARCH_PATHS = (
					"$(inherited)",
					"@executable_path/../Frameworks",
				);
				PRODUCT_NAME = "spillcheck-hook";
				SDKROOT = macosx;
			};
			name = Debug;
		};
		C095659240833C8900B248D9 /* Release */ = {
			isa = XCBuildConfiguration;
			buildSettings = {
				ALWAYS_SEARCH_USER_PATHS = NO;
				ARCHS = arm64;
				CLANG_ANALYZER_NONNULL = YES;
				CLANG_ANALYZER_NUMBER_OBJECT_CONVERSION = YES_AGGRESSIVE;
				CLANG_CXX_LANGUAGE_STANDARD = "gnu++14";
				CLANG_CXX_LIBRARY = "libc++";
				CLANG_ENABLE_MODULES = YES;
				CLANG_ENABLE_OBJC_ARC = YES;
				CLANG_ENABLE_OBJC_WEAK = YES;
				CLANG_WARN_BLOCK_CAPTURE_AUTORELEASING = YES;
				CLANG_WARN_BOOL_CONVERSION = YES;
				CLANG_WARN_COMMA = YES;
				CLANG_WARN_CONSTANT_CONVERSION = YES;
				CLANG_WARN_DEPRECATED_OBJC_IMPLEMENTATIONS = YES;
				CLANG_WARN_DIRECT_OBJC_ISA_USAGE = YES_ERROR;
				CLANG_WARN_DOCUMENTATION_COMMENTS = YES;
				CLANG_WARN_EMPTY_BODY = YES;
				CLANG_WARN_ENUM_CONVERSION = YES;
				CLANG_WARN_INFINITE_RECURSION = YES;
				CLANG_WARN_INT_CONVERSION = YES;
				CLANG_WARN_NON_LITERAL_NULL_CONVERSION = YES;
				CLANG_WARN_OBJC_IMPLICIT_RETAIN_SELF = YES;
				CLANG_WARN_OBJC_LITERAL_CONVERSION = YES;
				CLANG_WARN_OBJC_ROOT_CLASS = YES_ERROR;
				CLANG_WARN_QUOTED_INCLUDE_IN_FRAMEWORK_HEADER = YES;
				CLANG_WARN_RANGE_LOOP_ANALYSIS = YES;
				CLANG_WARN_STRICT_PROTOTYPES = YES;
				CLANG_WARN_SUSPICIOUS_MOVE = YES;
				CLANG_WARN_UNGUARDED_AVAILABILITY = YES_AGGRESSIVE;
				CLANG_WARN_UNREACHABLE_CODE = YES;
				CLANG_WARN__DUPLICATE_METHOD_MATCH = YES;
				CODE_SIGN_STYLE = Automatic;
				COPY_PHASE_STRIP = NO;
				DEBUG_INFORMATION_FORMAT = "dwarf-with-dsym";
				DEVELOPMENT_TEAM = KBLA5ALX62;
				ENABLE_HARDENED_RUNTIME = YES;
				ENABLE_NS_ASSERTIONS = NO;
				ENABLE_STRICT_OBJC_MSGSEND = YES;
				GCC_C_LANGUAGE_STANDARD = gnu11;
				GCC_NO_COMMON_BLOCKS = YES;
				GCC_WARN_64_TO_32_BIT_CONVERSION = YES;
				GCC_WARN_ABOUT_RETURN_TYPE = YES_ERROR;
				GCC_WARN_UNDECLARED_SELECTOR = YES;
				GCC_WARN_UNINITIALIZED_AUTOS = YES_AGGRESSIVE;
				GCC_WARN_UNUSED_FUNCTION = YES;
				GCC_WARN_UNUSED_VARIABLE = YES;
				MACOSX_DEPLOYMENT_TARGET = 14.0;
				MTL_ENABLE_DEBUG_INFO = NO;
				MTL_FAST_MATH = YES;
				ONLY_ACTIVE_ARCH = YES;
				PRODUCT_NAME = "$(TARGET_NAME)";
				SDKROOT = macosx;
				SWIFT_COMPILATION_MODE = wholemodule;
				SWIFT_OPTIMIZATION_LEVEL = "-O";
				SWIFT_STRICT_CONCURRENCY = complete;
				SWIFT_VERSION = 6.0;
			};
			name = Release;
		};
		CA61B3E5D8B4D251F9CB9B1A /* Release */ = {
			isa = XCBuildConfiguration;
			buildSettings = {
				CODE_SIGN_IDENTITY = "Developer ID Application";
				CODE_SIGN_INJECT_BASE_ENTITLEMENTS = NO;
				COMBINE_HIDPI_IMAGES = YES;
				LD_RUNPATH_SEARCH_PATHS = (
					"$(inherited)",
					"@executable_path/../Frameworks",
				);
				OTHER_CODE_SIGN_FLAGS = "--timestamp";
				PRODUCT_NAME = "spillcheck-hook";
				SDKROOT = macosx;
			};
			name = Release;
		};
		D3D38A7C41B617D5CBCCBF5B /* Debug */ = {
			isa = XCBuildConfiguration;
			buildSettings = {
				ASSETCATALOG_COMPILER_APPICON_NAME = AppIcon;
				CODE_SIGN_ENTITLEMENTS = Spillcheck/Spillcheck.entitlements;
				CODE_SIGN_IDENTITY = "Apple Development";
				CODE_SIGN_INJECT_BASE_ENTITLEMENTS = YES;
				COMBINE_HIDPI_IMAGES = YES;
				GENERATE_INFOPLIST_FILE = NO;
				INFOPLIST_FILE = Spillcheck/Info.plist;
				LD_RUNPATH_SEARCH_PATHS = (
					"$(inherited)",
					"@executable_path/../Frameworks",
				);
				PRODUCT_BUNDLE_IDENTIFIER = com.leakret.app;
				SDKROOT = macosx;
			};
			name = Debug;
		};
/* End XCBuildConfiguration section */

/* Begin XCConfigurationList section */
		5F63CE81D4D9CFDB62B5C0E8 /* Build configuration list for PBXNativeTarget "Spillcheck" */ = {
			isa = XCConfigurationList;
			buildConfigurations = (
				D3D38A7C41B617D5CBCCBF5B /* Debug */,
				4690298FAA40C6F32773BFA4 /* Release */,
			);
			defaultConfigurationIsVisible = 0;
			defaultConfigurationName = Debug;
		};
		9CBE792CB1C36AF402050E70 /* Build configuration list for PBXProject "Spillcheck" */ = {
			isa = XCConfigurationList;
			buildConfigurations = (
				8A7F53FBB1247E7BF30A077B /* Debug */,
				C095659240833C8900B248D9 /* Release */,
			);
			defaultConfigurationIsVisible = 0;
			defaultConfigurationName = Debug;
		};
		C7E1A2BEEC721B24545AD597 /* Build configuration list for PBXNativeTarget "SpillcheckHook" */ = {
			isa = XCConfigurationList;
			buildConfigurations = (
				ACB40069FD96334966174D5D /* Debug */,
				CA61B3E5D8B4D251F9CB9B1A /* Release */,
			);
			defaultConfigurationIsVisible = 0;
			defaultConfigurationName = Debug;
		};
/* End XCConfigurationList section */

/* Begin XCLocalSwiftPackageReference section */
		A223204778E14456EC8A6F68 /* XCLocalSwiftPackageReference "." */ = {
			isa = XCLocalSwiftPackageReference;
			relativePath = .;
		};
/* End XCLocalSwiftPackageReference section */

/* Begin XCSwiftPackageProductDependency section */
		847014888A11D390E3E02108 /* SpillcheckCore */ = {
			isa = XCSwiftPackageProductDependency;
			productName = SpillcheckCore;
		};
/* End XCSwiftPackageProductDependency section */
	};
	rootObject = A57A3561FC1BE142C38D5203 /* Project object */;
}
